
Microsoft Visual Studio Solution File, Format Version 12.00
# Visual Studio 2013
VisualStudioVersion = 12.0.31101.0
MinimumVisualStudioVersion = 10.0.40219.1
Project("{FAE04EC0-301F-11D3-BF4B-00C04F79EFBC}") = "SparklesWebsite", "SparklesWebsite\SparklesWebsite.csproj", "{BAD98A5E-D2A9-456D-8D07-22E4D0563CBE}"
EndProject
Project("{2150E333-8FDC-42A3-9474-1A3956D46DE8}") = "PublishScripts", "PublishScripts", "{5DB9A90D-2971-45BB-A7F9-88FEAF9FD8CB}"
	ProjectSection(SolutionItems) = preProject
		PublishScripts\AzureWebsitePublishModule.psm1 = PublishScripts\AzureWebsitePublishModule.psm1
		PublishScripts\Publish-WebApplicationWebsite.ps1 = PublishScripts\Publish-WebApplicationWebsite.ps1
	EndProjectSection
EndProject
Project("{2150E333-8FDC-42A3-9474-1A3956D46DE8}") = "Configurations", "Configurations", "{8A5D3ED9-DCAA-4C11-B052-518F36EA9B88}"
	ProjectSection(SolutionItems) = preProject
		PublishScripts\Configurations\SparklesWebsite-WAWS-dev.json = PublishScripts\Configurations\SparklesWebsite-WAWS-dev.json
	EndProjectSection
EndProject
Global
	GlobalSection(SolutionConfigurationPlatforms) = preSolution
		Debug|Any CPU = Debug|Any CPU
		Release|Any CPU = Release|Any CPU
	EndGlobalSection
	GlobalSection(ProjectConfigurationPlatforms) = postSolution
		{BAD98A5E-D2A9-456D-8D07-22E4D0563CBE}.Debug|Any CPU.ActiveCfg = Debug|Any CPU
		{BAD98A5E-D2A9-456D-8D07-22E4D0563CBE}.Debug|Any CPU.Build.0 = Debug|Any CPU
		{BAD98A5E-D2A9-456D-8D07-22E4D0563CBE}.Release|Any CPU.ActiveCfg = Release|Any CPU
		{BAD98A5E-D2A9-456D-8D07-22E4D0563CBE}.Release|Any CPU.Build.0 = Release|Any CPU
	EndGlobalSection
	GlobalSection(SolutionProperties) = preSolution
		HideSolutionNode = FALSE
	EndGlobalSection
	GlobalSection(NestedProjects) = preSolution
		{8A5D3ED9-DCAA-4C11-B052-518F36EA9B88} = {5DB9A90D-2971-45BB-A7F9-88FEAF9FD8CB}
	EndGlobalSection
EndGlobal
